
Microsoft Visual Studio Solution File, Format Version 12.00
# Visual Studio Version 16
VisualStudioVersion = 16.0.30611.23
MinimumVisualStudioVersion = 10.0.40219.1
Project("{2150E333-8FDC-42A3-9474-1A3956D46DE8}") = "src", "src", "{3E148B70-4C99-43A4-B43F-B11C2BDFDD9A}"
EndProject
Project("{2150E333-8FDC-42A3-9474-1A3956D46DE8}") = "tests", "tests", "{69AD2AE7-0B5F-45E1-B8D1-0652228676DB}"
EndProject
Project("{2150E333-8FDC-42A3-9474-1A3956D46DE8}") = "Packages", "Packages", "{FED7989C-1C8F-4F42-AACC-30ABC79665C9}"
EndProject
Project("{2150E333-8FDC-42A3-9474-1A3956D46DE8}") = "Utilities", "Utilities", "{DCA31EB6-6D65-4E8E-AE5D-E623F565D35F}"
EndProject
Project("{9A19103F-16F7-4668-BE54-9A1E7A4F7556}") = "CheckPackage.Core", "src\Utilities\CheckPackage\CheckPackage.Core\CheckPackage.Core.csproj", "{46862886-D2DD-4D0F-86EF-B5DE882609C4}"
EndProject
Project("{9A19103F-16F7-4668-BE54-9A1E7A4F7556}") = "CheckPackage.Tests", "tests\CheckPackage.Tests\CheckPackage.Tests.csproj", "{DF6A595E-58DA-4F01-B9D3-7B89AB95222A}"
EndProject
Project("{9A19103F-16F7-4668-BE54-9A1E7A4F7556}") = "Package.Localization", "src\Core\Package.Localization\Package.Localization.csproj", "{1CDF3EB5-F0D1-476B-9EAF-16DD9CFDC74C}"
EndProject
Project("{9A19103F-16F7-4668-BE54-9A1E7A4F7556}") = "Package.Abstraction", "src\Core\Package.Abstraction\Package.Abstraction.csproj", "{EC88ED7E-22E5-41B8-BC19-CD3974118F02}"
EndProject
Project("{9A19103F-16F7-4668-BE54-9A1E7A4F7556}") = "Package.Building", "src\Core\Package.Building\Package.Building.csproj", "{326D765F-6647-463D-B1A0-571C616476BD}"
EndProject
Project("{9A19103F-16F7-4668-BE54-9A1E7A4F7556}") = "Package.Validation", "src\Core\Package.Validation\Package.Validation.csproj", "{AD8B353F-320B-40BF-B164-E7F88617A269}"
EndProject
Project("{9A19103F-16F7-4668-BE54-9A1E7A4F7556}") = "Package.Resourcing", "src\Core\Package.Resourcing\Package.Resourcing.csproj", "{F8AA8B17-1744-49DC-B844-1544C040F48A}"
EndProject
Project("{9A19103F-16F7-4668-BE54-9A1E7A4F7556}") = "CheckPackage.Base.Extracters", "src\Utilities\CheckPackage\Modules\Base\CheckPackage.Base.Extracters\CheckPackage.Base.Extracters.csproj", "{31506099-F8A5-44CC-83C1-167F9FEA4084}"
EndProject
Project("{9A19103F-16F7-4668-BE54-9A1E7A4F7556}") = "CheckPackage.Base.Conditions", "src\Utilities\CheckPackage\Modules\Base\CheckPackage.Base.Conditions\CheckPackage.Base.Conditions.csproj", "{D08E45FB-A380-4DEA-91E4-FE3764B5D356}"
EndProject
Project("{9A19103F-16F7-4668-BE54-9A1E7A4F7556}") = "CheckPackage.Base.Checks", "src\Utilities\CheckPackage\Modules\Base\CheckPackage.Base.Checks\CheckPackage.Base.Checks.csproj", "{E69285D2-F76F-4574-BD91-695ADAC1CB59}"
EndProject
Project("{9A19103F-16F7-4668-BE54-9A1E7A4F7556}") = "CheckPackage.Configuration", "src\Utilities\CheckPackage\CheckPackage.Configuration\CheckPackage.Configuration.csproj", "{579DDAA9-AC3E-4C57-A073-636D82191589}"
EndProject
Project("{9A19103F-16F7-4668-BE54-9A1E7A4F7556}") = "CheckPackage.Base.Resources", "src\Utilities\CheckPackage\Modules\Base\CheckPackage.Base.Resources\CheckPackage.Base.Resources.csproj", "{1A3223BF-A998-4EAA-8130-3E8200DF2DA8}"
EndProject
Project("{9A19103F-16F7-4668-BE54-9A1E7A4F7556}") = "CheckPackage.DownloadSheet", "src\Utilities\CheckPackage\Modules\DownloadSheet\CheckPackage.DownloadSheet\CheckPackage.DownloadSheet.csproj", "{05CF953F-9A26-4C9B-8BE6-5C06DFD30CCD}"
EndProject
Project("{9A19103F-16F7-4668-BE54-9A1E7A4F7556}") = "CheckPackage.DownloadSheet.Configuration", "src\Utilities\CheckPackage\Modules\DownloadSheet\CheckPackage.DownloadSheet.Configuration\CheckPackage.DownloadSheet.Configuration.csproj", "{83F77A24-3366-44FC-8E58-A452684C63D5}"
EndProject
Project("{2150E333-8FDC-42A3-9474-1A3956D46DE8}") = "CheckPackage", "CheckPackage", "{727D53D2-0839-43A2-B69B-223BABECEF41}"
EndProject
Project("{2150E333-8FDC-42A3-9474-1A3956D46DE8}") = "NeosyntezLoadingPackage", "NeosyntezLoadingPackage", "{E13A4306-FBDD-4F7D-BE2D-C549A50E74C8}"
EndProject
Project("{2150E333-8FDC-42A3-9474-1A3956D46DE8}") = "NeosyntezWorkflowPackage", "NeosyntezWorkflowPackage", "{6816F26B-A595-4D2E-BC8B-9D4C2E14C480}"
EndProject
Project("{2150E333-8FDC-42A3-9474-1A3956D46DE8}") = "Modules", "Modules", "{DEE0168F-030E-4301-AF41-23917A08B006}"
EndProject
Project("{9A19103F-16F7-4668-BE54-9A1E7A4F7556}") = "CheckPackage.DownloadSheet.Extracts", "src\Utilities\CheckPackage\Modules\DownloadSheet\CheckPackage.DownloadSheet.Extracts\CheckPackage.DownloadSheet.Extracts.csproj", "{39F02620-9290-45AF-AD85-D542153AFFC1}"
EndProject
Project("{9A19103F-16F7-4668-BE54-9A1E7A4F7556}") = "CheckPackage.DownloadSheet.Conditions", "src\Utilities\CheckPackage\Modules\DownloadSheet\CheckPackage.DownloadSheet.Conditions\CheckPackage.DownloadSheet.Conditions.csproj", "{959B17E1-CDF3-4EA2-A339-30A9FA01572D}"
EndProject
Project("{9A19103F-16F7-4668-BE54-9A1E7A4F7556}") = "CheckPackage.DownloadSheet.Checks", "src\Utilities\CheckPackage\Modules\DownloadSheet\CheckPackage.DownloadSheet.Checks\CheckPackage.DownloadSheet.Checks.csproj", "{A2DB42BA-8E7E-4D77-A0F4-01D357195964}"
EndProject
Project("{9A19103F-16F7-4668-BE54-9A1E7A4F7556}") = "CheckPackage.DownloadSheet.Resources", "src\Utilities\CheckPackage\Modules\DownloadSheet\CheckPackage.DownloadSheet.Resources\CheckPackage.DownloadSheet.Resources.csproj", "{E7683ECF-918D-4E6C-9C91-9EAF9A3E4E1A}"
EndProject
Project("{2150E333-8FDC-42A3-9474-1A3956D46DE8}") = "DownloadSheet", "DownloadSheet", "{15C61185-1C42-4BE0-AD9A-F7A14CA69D22}"
EndProject
Project("{2150E333-8FDC-42A3-9474-1A3956D46DE8}") = "Base", "Base", "{B5BBD38F-6D31-4CDF-88AA-77ED70EF8D10}"
EndProject
Project("{9A19103F-16F7-4668-BE54-9A1E7A4F7556}") = "CheckPackage.Base.Configuration", "src\Utilities\CheckPackage\Modules\Base\CheckPackage.Base.Configuration\CheckPackage.Base.Configuration.csproj", "{686981BF-1B5B-417D-84AF-99D8F85C38A6}"
EndProject
Project("{9A19103F-16F7-4668-BE54-9A1E7A4F7556}") = "CheckPackage.Base.Module", "src\Utilities\CheckPackage\Modules\Base\CheckPackage.Base.Module\CheckPackage.Base.Module.csproj", "{9FA8CC3B-7922-4806-BD07-70FA78BE7B96}"
EndProject
Project("{9A19103F-16F7-4668-BE54-9A1E7A4F7556}") = "CheckPackage.DownloadSheet.Module", "src\Utilities\CheckPackage\Modules\DownloadSheet\CheckPackage.DownloadSheet.Module\CheckPackage.DownloadSheet.Module.csproj", "{D726ADFC-C636-43CC-B64C-2424DC996301}"
EndProject
Project("{9A19103F-16F7-4668-BE54-9A1E7A4F7556}") = "CheckPackage.Dependencies", "src\Utilities\CheckPackage\CheckPackage.Dependencies\CheckPackage.Dependencies.csproj", "{EAFBFE19-F4EF-46B7-BCE9-2D77FD7B4AA4}"
EndProject
Project("{9A19103F-16F7-4668-BE54-9A1E7A4F7556}") = "Package.Output", "src\Core\Package.Output\Package.Output.csproj", "{C7C009EA-DC38-4082-A105-92096D519BF0}"
EndProject
Project("{9A19103F-16F7-4668-BE54-9A1E7A4F7556}") = "CheckPackage.PackageBuilding", "src\Utilities\CheckPackage\CheckPackage.PackageBuilding\CheckPackage.PackageBuilding.csproj", "{CD2C178B-51A2-44DC-B81F-A1478896EC66}"
EndProject
Project("{9A19103F-16F7-4668-BE54-9A1E7A4F7556}") = "CheckPackage.PackageValidation", "src\Utilities\CheckPackage\CheckPackage.PackageValidation\CheckPackage.PackageValidation.csproj", "{81CA3E68-4219-4220-8BD3-5C643FBFE7C7}"
EndProject
Project("{FAE04EC0-301F-11D3-BF4B-00C04F79EFBC}") = "CheckPackage.PackageOutput", "src\Utilities\CheckPackage\CheckPackage.PackageOutput\CheckPackage.PackageOutput.csproj", "{CDC7F1D9-B6E7-4DC3-BC37-F1108D54810E}"
EndProject
Global
	GlobalSection(SolutionConfigurationPlatforms) = preSolution
		Debug|Any CPU = Debug|Any CPU
		Release|Any CPU = Release|Any CPU
	EndGlobalSection
	GlobalSection(ProjectConfigurationPlatforms) = postSolution
		{46862886-D2DD-4D0F-86EF-B5DE882609C4}.Debug|Any CPU.ActiveCfg = Debug|Any CPU
		{46862886-D2DD-4D0F-86EF-B5DE882609C4}.Debug|Any CPU.Build.0 = Debug|Any CPU
		{46862886-D2DD-4D0F-86EF-B5DE882609C4}.Release|Any CPU.ActiveCfg = Release|Any CPU
		{46862886-D2DD-4D0F-86EF-B5DE882609C4}.Release|Any CPU.Build.0 = Release|Any CPU
		{DF6A595E-58DA-4F01-B9D3-7B89AB95222A}.Debug|Any CPU.ActiveCfg = Debug|Any CPU
		{DF6A595E-58DA-4F01-B9D3-7B89AB95222A}.Debug|Any CPU.Build.0 = Debug|Any CPU
		{DF6A595E-58DA-4F01-B9D3-7B89AB95222A}.Release|Any CPU.ActiveCfg = Release|Any CPU
		{DF6A595E-58DA-4F01-B9D3-7B89AB95222A}.Release|Any CPU.Build.0 = Release|Any CPU
		{1CDF3EB5-F0D1-476B-9EAF-16DD9CFDC74C}.Debug|Any CPU.ActiveCfg = Debug|Any CPU
		{1CDF3EB5-F0D1-476B-9EAF-16DD9CFDC74C}.Debug|Any CPU.Build.0 = Debug|Any CPU
		{1CDF3EB5-F0D1-476B-9EAF-16DD9CFDC74C}.Release|Any CPU.ActiveCfg = Release|Any CPU
		{1CDF3EB5-F0D1-476B-9EAF-16DD9CFDC74C}.Release|Any CPU.Build.0 = Release|Any CPU
		{EC88ED7E-22E5-41B8-BC19-CD3974118F02}.Debug|Any CPU.ActiveCfg = Debug|Any CPU
		{EC88ED7E-22E5-41B8-BC19-CD3974118F02}.Debug|Any CPU.Build.0 = Debug|Any CPU
		{EC88ED7E-22E5-41B8-BC19-CD3974118F02}.Release|Any CPU.ActiveCfg = Release|Any CPU
		{EC88ED7E-22E5-41B8-BC19-CD3974118F02}.Release|Any CPU.Build.0 = Release|Any CPU
		{326D765F-6647-463D-B1A0-571C616476BD}.Debug|Any CPU.ActiveCfg = Debug|Any CPU
		{326D765F-6647-463D-B1A0-571C616476BD}.Debug|Any CPU.Build.0 = Debug|Any CPU
		{326D765F-6647-463D-B1A0-571C616476BD}.Release|Any CPU.ActiveCfg = Release|Any CPU
		{326D765F-6647-463D-B1A0-571C616476BD}.Release|Any CPU.Build.0 = Release|Any CPU
		{AD8B353F-320B-40BF-B164-E7F88617A269}.Debug|Any CPU.ActiveCfg = Debug|Any CPU
		{AD8B353F-320B-40BF-B164-E7F88617A269}.Debug|Any CPU.Build.0 = Debug|Any CPU
		{AD8B353F-320B-40BF-B164-E7F88617A269}.Release|Any CPU.ActiveCfg = Release|Any CPU
		{AD8B353F-320B-40BF-B164-E7F88617A269}.Release|Any CPU.Build.0 = Release|Any CPU
		{F8AA8B17-1744-49DC-B844-1544C040F48A}.Debug|Any CPU.ActiveCfg = Debug|Any CPU
		{F8AA8B17-1744-49DC-B844-1544C040F48A}.Debug|Any CPU.Build.0 = Debug|Any CPU
		{F8AA8B17-1744-49DC-B844-1544C040F48A}.Release|Any CPU.ActiveCfg = Release|Any CPU
		{F8AA8B17-1744-49DC-B844-1544C040F48A}.Release|Any CPU.Build.0 = Release|Any CPU
		{31506099-F8A5-44CC-83C1-167F9FEA4084}.Debug|Any CPU.ActiveCfg = Debug|Any CPU
		{31506099-F8A5-44CC-83C1-167F9FEA4084}.Debug|Any CPU.Build.0 = Debug|Any CPU
		{31506099-F8A5-44CC-83C1-167F9FEA4084}.Release|Any CPU.ActiveCfg = Release|Any CPU
		{31506099-F8A5-44CC-83C1-167F9FEA4084}.Release|Any CPU.Build.0 = Release|Any CPU
		{D08E45FB-A380-4DEA-91E4-FE3764B5D356}.Debug|Any CPU.ActiveCfg = Debug|Any CPU
		{D08E45FB-A380-4DEA-91E4-FE3764B5D356}.Debug|Any CPU.Build.0 = Debug|Any CPU
		{D08E45FB-A380-4DEA-91E4-FE3764B5D356}.Release|Any CPU.ActiveCfg = Release|Any CPU
		{D08E45FB-A380-4DEA-91E4-FE3764B5D356}.Release|Any CPU.Build.0 = Release|Any CPU
		{E69285D2-F76F-4574-BD91-695ADAC1CB59}.Debug|Any CPU.ActiveCfg = Debug|Any CPU
		{E69285D2-F76F-4574-BD91-695ADAC1CB59}.Debug|Any CPU.Build.0 = Debug|Any CPU
		{E69285D2-F76F-4574-BD91-695ADAC1CB59}.Release|Any CPU.ActiveCfg = Release|Any CPU
		{E69285D2-F76F-4574-BD91-695ADAC1CB59}.Release|Any CPU.Build.0 = Release|Any CPU
		{579DDAA9-AC3E-4C57-A073-636D82191589}.Debug|Any CPU.ActiveCfg = Debug|Any CPU
		{579DDAA9-AC3E-4C57-A073-636D82191589}.Debug|Any CPU.Build.0 = Debug|Any CPU
		{579DDAA9-AC3E-4C57-A073-636D82191589}.Release|Any CPU.ActiveCfg = Release|Any CPU
		{579DDAA9-AC3E-4C57-A073-636D82191589}.Release|Any CPU.Build.0 = Release|Any CPU
		{1A3223BF-A998-4EAA-8130-3E8200DF2DA8}.Debug|Any CPU.ActiveCfg = Debug|Any CPU
		{1A3223BF-A998-4EAA-8130-3E8200DF2DA8}.Debug|Any CPU.Build.0 = Debug|Any CPU
		{1A3223BF-A998-4EAA-8130-3E8200DF2DA8}.Release|Any CPU.ActiveCfg = Release|Any CPU
		{1A3223BF-A998-4EAA-8130-3E8200DF2DA8}.Release|Any CPU.Build.0 = Release|Any CPU
		{05CF953F-9A26-4C9B-8BE6-5C06DFD30CCD}.Debug|Any CPU.ActiveCfg = Debug|Any CPU
		{05CF953F-9A26-4C9B-8BE6-5C06DFD30CCD}.Debug|Any CPU.Build.0 = Debug|Any CPU
		{05CF953F-9A26-4C9B-8BE6-5C06DFD30CCD}.Release|Any CPU.ActiveCfg = Release|Any CPU
		{05CF953F-9A26-4C9B-8BE6-5C06DFD30CCD}.Release|Any CPU.Build.0 = Release|Any CPU
		{83F77A24-3366-44FC-8E58-A452684C63D5}.Debug|Any CPU.ActiveCfg = Debug|Any CPU
		{83F77A24-3366-44FC-8E58-A452684C63D5}.Debug|Any CPU.Build.0 = Debug|Any CPU
		{83F77A24-3366-44FC-8E58-A452684C63D5}.Release|Any CPU.ActiveCfg = Release|Any CPU
		{83F77A24-3366-44FC-8E58-A452684C63D5}.Release|Any CPU.Build.0 = Release|Any CPU
		{39F02620-9290-45AF-AD85-D542153AFFC1}.Debug|Any CPU.ActiveCfg = Debug|Any CPU
		{39F02620-9290-45AF-AD85-D542153AFFC1}.Debug|Any CPU.Build.0 = Debug|Any CPU
		{39F02620-9290-45AF-AD85-D542153AFFC1}.Release|Any CPU.ActiveCfg = Release|Any CPU
		{39F02620-9290-45AF-AD85-D542153AFFC1}.Release|Any CPU.Build.0 = Release|Any CPU
		{959B17E1-CDF3-4EA2-A339-30A9FA01572D}.Debug|Any CPU.ActiveCfg = Debug|Any CPU
		{959B17E1-CDF3-4EA2-A339-30A9FA01572D}.Debug|Any CPU.Build.0 = Debug|Any CPU
		{959B17E1-CDF3-4EA2-A339-30A9FA01572D}.Release|Any CPU.ActiveCfg = Release|Any CPU
		{959B17E1-CDF3-4EA2-A339-30A9FA01572D}.Release|Any CPU.Build.0 = Release|Any CPU
		{A2DB42BA-8E7E-4D77-A0F4-01D357195964}.Debug|Any CPU.ActiveCfg = Debug|Any CPU
		{A2DB42BA-8E7E-4D77-A0F4-01D357195964}.Debug|Any CPU.Build.0 = Debug|Any CPU
		{A2DB42BA-8E7E-4D77-A0F4-01D357195964}.Release|Any CPU.ActiveCfg = Release|Any CPU
		{A2DB42BA-8E7E-4D77-A0F4-01D357195964}.Release|Any CPU.Build.0 = Release|Any CPU
		{E7683ECF-918D-4E6C-9C91-9EAF9A3E4E1A}.Debug|Any CPU.ActiveCfg = Debug|Any CPU
		{E7683ECF-918D-4E6C-9C91-9EAF9A3E4E1A}.Debug|Any CPU.Build.0 = Debug|Any CPU
		{E7683ECF-918D-4E6C-9C91-9EAF9A3E4E1A}.Release|Any CPU.ActiveCfg = Release|Any CPU
		{E7683ECF-918D-4E6C-9C91-9EAF9A3E4E1A}.Release|Any CPU.Build.0 = Release|Any CPU
		{686981BF-1B5B-417D-84AF-99D8F85C38A6}.Debug|Any CPU.ActiveCfg = Debug|Any CPU
		{686981BF-1B5B-417D-84AF-99D8F85C38A6}.Debug|Any CPU.Build.0 = Debug|Any CPU
		{686981BF-1B5B-417D-84AF-99D8F85C38A6}.Release|Any CPU.ActiveCfg = Release|Any CPU
		{686981BF-1B5B-417D-84AF-99D8F85C38A6}.Release|Any CPU.Build.0 = Release|Any CPU
		{9FA8CC3B-7922-4806-BD07-70FA78BE7B96}.Debug|Any CPU.ActiveCfg = Debug|Any CPU
		{9FA8CC3B-7922-4806-BD07-70FA78BE7B96}.Debug|Any CPU.Build.0 = Debug|Any CPU
		{9FA8CC3B-7922-4806-BD07-70FA78BE7B96}.Release|Any CPU.ActiveCfg = Release|Any CPU
		{9FA8CC3B-7922-4806-BD07-70FA78BE7B96}.Release|Any CPU.Build.0 = Release|Any CPU
		{D726ADFC-C636-43CC-B64C-2424DC996301}.Debug|Any CPU.ActiveCfg = Debug|Any CPU
		{D726ADFC-C636-43CC-B64C-2424DC996301}.Debug|Any CPU.Build.0 = Debug|Any CPU
		{D726ADFC-C636-43CC-B64C-2424DC996301}.Release|Any CPU.ActiveCfg = Release|Any CPU
		{D726ADFC-C636-43CC-B64C-2424DC996301}.Release|Any CPU.Build.0 = Release|Any CPU
		{EAFBFE19-F4EF-46B7-BCE9-2D77FD7B4AA4}.Debug|Any CPU.ActiveCfg = Debug|Any CPU
		{EAFBFE19-F4EF-46B7-BCE9-2D77FD7B4AA4}.Debug|Any CPU.Build.0 = Debug|Any CPU
		{EAFBFE19-F4EF-46B7-BCE9-2D77FD7B4AA4}.Release|Any CPU.ActiveCfg = Release|Any CPU
		{EAFBFE19-F4EF-46B7-BCE9-2D77FD7B4AA4}.Release|Any CPU.Build.0 = Release|Any CPU
		{C7C009EA-DC38-4082-A105-92096D519BF0}.Debug|Any CPU.ActiveCfg = Debug|Any CPU
		{C7C009EA-DC38-4082-A105-92096D519BF0}.Debug|Any CPU.Build.0 = Debug|Any CPU
		{C7C009EA-DC38-4082-A105-92096D519BF0}.Release|Any CPU.ActiveCfg = Release|Any CPU
		{C7C009EA-DC38-4082-A105-92096D519BF0}.Release|Any CPU.Build.0 = Release|Any CPU
		{CD2C178B-51A2-44DC-B81F-A1478896EC66}.Debug|Any CPU.ActiveCfg = Debug|Any CPU
		{CD2C178B-51A2-44DC-B81F-A1478896EC66}.Debug|Any CPU.Build.0 = Debug|Any CPU
		{CD2C178B-51A2-44DC-B81F-A1478896EC66}.Release|Any CPU.ActiveCfg = Release|Any CPU
		{CD2C178B-51A2-44DC-B81F-A1478896EC66}.Release|Any CPU.Build.0 = Release|Any CPU
		{81CA3E68-4219-4220-8BD3-5C643FBFE7C7}.Debug|Any CPU.ActiveCfg = Debug|Any CPU
		{81CA3E68-4219-4220-8BD3-5C643FBFE7C7}.Debug|Any CPU.Build.0 = Debug|Any CPU
		{81CA3E68-4219-4220-8BD3-5C643FBFE7C7}.Release|Any CPU.ActiveCfg = Release|Any CPU
		{81CA3E68-4219-4220-8BD3-5C643FBFE7C7}.Release|Any CPU.Build.0 = Release|Any CPU
		{CDC7F1D9-B6E7-4DC3-BC37-F1108D54810E}.Debug|Any CPU.ActiveCfg = Debug|Any CPU
		{CDC7F1D9-B6E7-4DC3-BC37-F1108D54810E}.Debug|Any CPU.Build.0 = Debug|Any CPU
		{CDC7F1D9-B6E7-4DC3-BC37-F1108D54810E}.Release|Any CPU.ActiveCfg = Release|Any CPU
		{CDC7F1D9-B6E7-4DC3-BC37-F1108D54810E}.Release|Any CPU.Build.0 = Release|Any CPU
	EndGlobalSection
	GlobalSection(SolutionProperties) = preSolution
		HideSolutionNode = FALSE
	EndGlobalSection
	GlobalSection(NestedProjects) = preSolution
		{FED7989C-1C8F-4F42-AACC-30ABC79665C9} = {3E148B70-4C99-43A4-B43F-B11C2BDFDD9A}
		{DCA31EB6-6D65-4E8E-AE5D-E623F565D35F} = {3E148B70-4C99-43A4-B43F-B11C2BDFDD9A}
		{46862886-D2DD-4D0F-86EF-B5DE882609C4} = {727D53D2-0839-43A2-B69B-223BABECEF41}
		{DF6A595E-58DA-4F01-B9D3-7B89AB95222A} = {69AD2AE7-0B5F-45E1-B8D1-0652228676DB}
		{1CDF3EB5-F0D1-476B-9EAF-16DD9CFDC74C} = {FED7989C-1C8F-4F42-AACC-30ABC79665C9}
		{EC88ED7E-22E5-41B8-BC19-CD3974118F02} = {FED7989C-1C8F-4F42-AACC-30ABC79665C9}
		{326D765F-6647-463D-B1A0-571C616476BD} = {FED7989C-1C8F-4F42-AACC-30ABC79665C9}
		{AD8B353F-320B-40BF-B164-E7F88617A269} = {FED7989C-1C8F-4F42-AACC-30ABC79665C9}
		{F8AA8B17-1744-49DC-B844-1544C040F48A} = {FED7989C-1C8F-4F42-AACC-30ABC79665C9}
		{31506099-F8A5-44CC-83C1-167F9FEA4084} = {B5BBD38F-6D31-4CDF-88AA-77ED70EF8D10}
		{D08E45FB-A380-4DEA-91E4-FE3764B5D356} = {B5BBD38F-6D31-4CDF-88AA-77ED70EF8D10}
		{E69285D2-F76F-4574-BD91-695ADAC1CB59} = {B5BBD38F-6D31-4CDF-88AA-77ED70EF8D10}
		{579DDAA9-AC3E-4C57-A073-636D82191589} = {727D53D2-0839-43A2-B69B-223BABECEF41}
		{1A3223BF-A998-4EAA-8130-3E8200DF2DA8} = {B5BBD38F-6D31-4CDF-88AA-77ED70EF8D10}
		{05CF953F-9A26-4C9B-8BE6-5C06DFD30CCD} = {15C61185-1C42-4BE0-AD9A-F7A14CA69D22}
		{83F77A24-3366-44FC-8E58-A452684C63D5} = {15C61185-1C42-4BE0-AD9A-F7A14CA69D22}
		{727D53D2-0839-43A2-B69B-223BABECEF41} = {DCA31EB6-6D65-4E8E-AE5D-E623F565D35F}
		{E13A4306-FBDD-4F7D-BE2D-C549A50E74C8} = {DCA31EB6-6D65-4E8E-AE5D-E623F565D35F}
		{6816F26B-A595-4D2E-BC8B-9D4C2E14C480} = {DCA31EB6-6D65-4E8E-AE5D-E623F565D35F}
		{DEE0168F-030E-4301-AF41-23917A08B006} = {727D53D2-0839-43A2-B69B-223BABECEF41}
		{39F02620-9290-45AF-AD85-D542153AFFC1} = {15C61185-1C42-4BE0-AD9A-F7A14CA69D22}
		{959B17E1-CDF3-4EA2-A339-30A9FA01572D} = {15C61185-1C42-4BE0-AD9A-F7A14CA69D22}
		{A2DB42BA-8E7E-4D77-A0F4-01D357195964} = {15C61185-1C42-4BE0-AD9A-F7A14CA69D22}
		{E7683ECF-918D-4E6C-9C91-9EAF9A3E4E1A} = {15C61185-1C42-4BE0-AD9A-F7A14CA69D22}
		{15C61185-1C42-4BE0-AD9A-F7A14CA69D22} = {DEE0168F-030E-4301-AF41-23917A08B006}
		{B5BBD38F-6D31-4CDF-88AA-77ED70EF8D10} = {DEE0168F-030E-4301-AF41-23917A08B006}
		{686981BF-1B5B-417D-84AF-99D8F85C38A6} = {B5BBD38F-6D31-4CDF-88AA-77ED70EF8D10}
		{9FA8CC3B-7922-4806-BD07-70FA78BE7B96} = {B5BBD38F-6D31-4CDF-88AA-77ED70EF8D10}
		{D726ADFC-C636-43CC-B64C-2424DC996301} = {15C61185-1C42-4BE0-AD9A-F7A14CA69D22}
		{EAFBFE19-F4EF-46B7-BCE9-2D77FD7B4AA4} = {727D53D2-0839-43A2-B69B-223BABECEF41}
		{C7C009EA-DC38-4082-A105-92096D519BF0} = {FED7989C-1C8F-4F42-AACC-30ABC79665C9}
		{CD2C178B-51A2-44DC-B81F-A1478896EC66} = {727D53D2-0839-43A2-B69B-223BABECEF41}
		{81CA3E68-4219-4220-8BD3-5C643FBFE7C7} = {727D53D2-0839-43A2-B69B-223BABECEF41}
		{CDC7F1D9-B6E7-4DC3-BC37-F1108D54810E} = {727D53D2-0839-43A2-B69B-223BABECEF41}
	EndGlobalSection
	GlobalSection(ExtensibilityGlobals) = postSolution
		SolutionGuid = {D45DFC4A-81D7-4F70-9397-2AC30BAFBF96}
	EndGlobalSection
EndGlobal
